
Microsoft Visual Studio Solution File, Format Version 12.00
# Visual Studio Version 16
VisualStudioVersion = 16.0.32901.82
MinimumVisualStudioVersion = 10.0.40219.1
Project("{FAE04EC0-301F-11D3-BF4B-00C04F79EFBC}") = "TCPServer", "TCPServer.csproj", "{39766588-3B2E-4097-8AB1-6597F81C1B66}"
EndProject
Global
	GlobalSection(SolutionConfigurationPlatforms) = preSolution
		Debug|Any CPU = Debug|Any CPU
		Release|Any CPU = Release|Any CPU
	EndGlobalSection
	GlobalSection(ProjectConfigurationPlatforms) = postSolution
		{39766588-3B2E-4097-8AB1-6597F81C1B66}.Debug|Any CPU.ActiveCfg = Debug|Any CPU
		{39766588-3B2E-4097-8AB1-6597F81C1B66}.Debug|Any CPU.Build.0 = Debug|Any CPU
		{39766588-3B2E-4097-8AB1-6597F81C1B66}.Release|Any CPU.ActiveCfg = Release|Any CPU
		{39766588-3B2E-4097-8AB1-6597F81C1B66}.Release|Any CPU.Build.0 = Release|Any CPU
	EndGlobalSection
	GlobalSection(SolutionProperties) = preSolution
		HideSolutionNode = FALSE
	EndGlobalSection
	GlobalSection(ExtensibilityGlobals) = postSolution
		SolutionGuid = {56A26872-F87B-4ABF-9FD6-4E5A022B5C0A}
	EndGlobalSection
EndGlobal
